
Microsoft Visual Studio Solution File, Format Version 12.00
# Visual Studio Version 17
VisualStudioVersion = 17.6.33829.357
MinimumVisualStudioVersion = 10.0.40219.1
Project("{9A19103F-16F7-4668-BE54-9A1E7A4F7556}") = "maui-localize-mvvm", "maui-localize-mvvm\maui-localize-mvvm.csproj", "{F6EC586C-62FA-43D3-BC10-AA642B48E3AF}"
EndProject
Project("{9A19103F-16F7-4668-BE54-9A1E7A4F7556}") = "maui-localize-resx", "maui-localize-resx\maui-localize-resx.csproj", "{8809670F-650C-41F0-8811-5CB44A0FB088}"
EndProject
Project("{9A19103F-16F7-4668-BE54-9A1E7A4F7556}") = "maui-localize-ext", "maui-localize-ext\maui-localize-ext.csproj", "{BA0374A4-2E86-4AEA-812D-0C8823B61D74}"
EndProject
Project("{9A19103F-16F7-4668-BE54-9A1E7A4F7556}") = "maui-localize-lm", "maui-localize-lm\maui-localize-lm.csproj", "{5E7B30DC-F309-41BC-BB61-AFDF2BBA97CA}"
EndProject
Project("{9A19103F-16F7-4668-BE54-9A1E7A4F7556}") = "maui-localize-di", "maui-localize-di\maui-localize-di.csproj", "{CFD5BCB5-111D-4FB1-967A-9485D2225AA4}"
EndProject
Project("{9A19103F-16F7-4668-BE54-9A1E7A4F7556}") = "Toolkit.Maui.Localization.Sample", "maui-localize-weird\Toolkit.Maui.Localization.Sample.csproj", "{C5DD3BB3-6D4B-4713-8C16-89F4EEF0AB17}"
EndProject
Project("{FAE04EC0-301F-11D3-BF4B-00C04F79EFBC}") = "Toolkit.Maui.Localization", "Toolkit.Maui.Localization\Toolkit.Maui.Localization.csproj", "{15C16F3D-46FA-47A6-80A9-17D3FD91198B}"
EndProject
Global
	GlobalSection(SolutionConfigurationPlatforms) = preSolution
		Debug|Any CPU = Debug|Any CPU
		Release|Any CPU = Release|Any CPU
	EndGlobalSection
	GlobalSection(ProjectConfigurationPlatforms) = postSolution
		{F6EC586C-62FA-43D3-BC10-AA642B48E3AF}.Debug|Any CPU.ActiveCfg = Debug|Any CPU
		{F6EC586C-62FA-43D3-BC10-AA642B48E3AF}.Debug|Any CPU.Build.0 = Debug|Any CPU
		{F6EC586C-62FA-43D3-BC10-AA642B48E3AF}.Debug|Any CPU.Deploy.0 = Debug|Any CPU
		{F6EC586C-62FA-43D3-BC10-AA642B48E3AF}.Release|Any CPU.ActiveCfg = Release|Any CPU
		{F6EC586C-62FA-43D3-BC10-AA642B48E3AF}.Release|Any CPU.Build.0 = Release|Any CPU
		{F6EC586C-62FA-43D3-BC10-AA642B48E3AF}.Release|Any CPU.Deploy.0 = Release|Any CPU
		{8809670F-650C-41F0-8811-5CB44A0FB088}.Debug|Any CPU.ActiveCfg = Debug|Any CPU
		{8809670F-650C-41F0-8811-5CB44A0FB088}.Debug|Any CPU.Build.0 = Debug|Any CPU
		{8809670F-650C-41F0-8811-5CB44A0FB088}.Debug|Any CPU.Deploy.0 = Debug|Any CPU
		{8809670F-650C-41F0-8811-5CB44A0FB088}.Release|Any CPU.ActiveCfg = Release|Any CPU
		{8809670F-650C-41F0-8811-5CB44A0FB088}.Release|Any CPU.Build.0 = Release|Any CPU
		{8809670F-650C-41F0-8811-5CB44A0FB088}.Release|Any CPU.Deploy.0 = Release|Any CPU
		{BA0374A4-2E86-4AEA-812D-0C8823B61D74}.Debug|Any CPU.ActiveCfg = Debug|Any CPU
		{BA0374A4-2E86-4AEA-812D-0C8823B61D74}.Debug|Any CPU.Build.0 = Debug|Any CPU
		{BA0374A4-2E86-4AEA-812D-0C8823B61D74}.Debug|Any CPU.Deploy.0 = Debug|Any CPU
		{BA0374A4-2E86-4AEA-812D-0C8823B61D74}.Release|Any CPU.ActiveCfg = Release|Any CPU
		{BA0374A4-2E86-4AEA-812D-0C8823B61D74}.Release|Any CPU.Build.0 = Release|Any CPU
		{BA0374A4-2E86-4AEA-812D-0C8823B61D74}.Release|Any CPU.Deploy.0 = Release|Any CPU
		{5E7B30DC-F309-41BC-BB61-AFDF2BBA97CA}.Debug|Any CPU.ActiveCfg = Debug|Any CPU
		{5E7B30DC-F309-41BC-BB61-AFDF2BBA97CA}.Debug|Any CPU.Build.0 = Debug|Any CPU
		{5E7B30DC-F309-41BC-BB61-AFDF2BBA97CA}.Debug|Any CPU.Deploy.0 = Debug|Any CPU
		{5E7B30DC-F309-41BC-BB61-AFDF2BBA97CA}.Release|Any CPU.ActiveCfg = Release|Any CPU
		{5E7B30DC-F309-41BC-BB61-AFDF2BBA97CA}.Release|Any CPU.Build.0 = Release|Any CPU
		{5E7B30DC-F309-41BC-BB61-AFDF2BBA97CA}.Release|Any CPU.Deploy.0 = Release|Any CPU
		{CFD5BCB5-111D-4FB1-967A-9485D2225AA4}.Debug|Any CPU.ActiveCfg = Debug|Any CPU
		{CFD5BCB5-111D-4FB1-967A-9485D2225AA4}.Debug|Any CPU.Build.0 = Debug|Any CPU
		{CFD5BCB5-111D-4FB1-967A-9485D2225AA4}.Debug|Any CPU.Deploy.0 = Debug|Any CPU
		{CFD5BCB5-111D-4FB1-967A-9485D2225AA4}.Release|Any CPU.ActiveCfg = Release|Any CPU
		{CFD5BCB5-111D-4FB1-967A-9485D2225AA4}.Release|Any CPU.Build.0 = Release|Any CPU
		{CFD5BCB5-111D-4FB1-967A-9485D2225AA4}.Release|Any CPU.Deploy.0 = Release|Any CPU
		{C5DD3BB3-6D4B-4713-8C16-89F4EEF0AB17}.Debug|Any CPU.ActiveCfg = Debug|Any CPU
		{C5DD3BB3-6D4B-4713-8C16-89F4EEF0AB17}.Debug|Any CPU.Build.0 = Debug|Any CPU
		{C5DD3BB3-6D4B-4713-8C16-89F4EEF0AB17}.Debug|Any CPU.Deploy.0 = Debug|Any CPU
		{C5DD3BB3-6D4B-4713-8C16-89F4EEF0AB17}.Release|Any CPU.ActiveCfg = Release|Any CPU
		{C5DD3BB3-6D4B-4713-8C16-89F4EEF0AB17}.Release|Any CPU.Build.0 = Release|Any CPU
		{C5DD3BB3-6D4B-4713-8C16-89F4EEF0AB17}.Release|Any CPU.Deploy.0 = Release|Any CPU
		{15C16F3D-46FA-47A6-80A9-17D3FD91198B}.Debug|Any CPU.ActiveCfg = Debug|Any CPU
		{15C16F3D-46FA-47A6-80A9-17D3FD91198B}.Debug|Any CPU.Build.0 = Debug|Any CPU
		{15C16F3D-46FA-47A6-80A9-17D3FD91198B}.Release|Any CPU.ActiveCfg = Release|Any CPU
		{15C16F3D-46FA-47A6-80A9-17D3FD91198B}.Release|Any CPU.Build.0 = Release|Any CPU
	EndGlobalSection
	GlobalSection(SolutionProperties) = preSolution
		HideSolutionNode = FALSE
	EndGlobalSection
	GlobalSection(ExtensibilityGlobals) = postSolution
		SolutionGuid = {45B227E6-6246-460A-B2D4-24CFED6F3B4E}
	EndGlobalSection
EndGlobal
