
Microsoft Visual Studio Solution File, Format Version 12.00
# Visual Studio Version 17
VisualStudioVersion = 17.6.33829.357
MinimumVisualStudioVersion = 10.0.40219.1
Project("{9A19103F-16F7-4668-BE54-9A1E7A4F7556}") = "Toolkit.Maui.Localization.Sample", "Toolkit.Maui.Localization.Sample\Toolkit.Maui.Localization.Sample.csproj", "{C5DD3BB3-6D4B-4713-8C16-89F4EEF0AB17}"
EndProject
Project("{9A19103F-16F7-4668-BE54-9A1E7A4F7556}") = "Toolkit.Maui.Localization", "Toolkit.Maui.Localization\Toolkit.Maui.Localization.csproj", "{15C16F3D-46FA-47A6-80A9-17D3FD91198B}"
EndProject
Global
	GlobalSection(SolutionConfigurationPlatforms) = preSolution
		Debug|Any CPU = Debug|Any CPU
		Release|Any CPU = Release|Any CPU
	EndGlobalSection
	GlobalSection(ProjectConfigurationPlatforms) = postSolution
		{C5DD3BB3-6D4B-4713-8C16-89F4EEF0AB17}.Debug|Any CPU.ActiveCfg = Debug|Any CPU
		{C5DD3BB3-6D4B-4713-8C16-89F4EEF0AB17}.Debug|Any CPU.Build.0 = Debug|Any CPU
		{C5DD3BB3-6D4B-4713-8C16-89F4EEF0AB17}.Debug|Any CPU.Deploy.0 = Debug|Any CPU
		{C5DD3BB3-6D4B-4713-8C16-89F4EEF0AB17}.Release|Any CPU.ActiveCfg = Release|Any CPU
		{C5DD3BB3-6D4B-4713-8C16-89F4EEF0AB17}.Release|Any CPU.Build.0 = Release|Any CPU
		{C5DD3BB3-6D4B-4713-8C16-89F4EEF0AB17}.Release|Any CPU.Deploy.0 = Release|Any CPU
		{15C16F3D-46FA-47A6-80A9-17D3FD91198B}.Debug|Any CPU.ActiveCfg = Debug|Any CPU
		{15C16F3D-46FA-47A6-80A9-17D3FD91198B}.Debug|Any CPU.Build.0 = Debug|Any CPU
		{15C16F3D-46FA-47A6-80A9-17D3FD91198B}.Release|Any CPU.ActiveCfg = Release|Any CPU
		{15C16F3D-46FA-47A6-80A9-17D3FD91198B}.Release|Any CPU.Build.0 = Release|Any CPU
	EndGlobalSection
	GlobalSection(SolutionProperties) = preSolution
		HideSolutionNode = FALSE
	EndGlobalSection
	GlobalSection(ExtensibilityGlobals) = postSolution
		SolutionGuid = {45B227E6-6246-460A-B2D4-24CFED6F3B4E}
	EndGlobalSection
EndGlobal
